
Microsoft Visual Studio Solution File, Format Version 12.00
# Visual Studio Version 16
VisualStudioVersion = 16.0.29613.14
MinimumVisualStudioVersion = 10.0.40219.1
Project("{FAE04EC0-301F-11D3-BF4B-00C04F79EFBC}") = "XFGoogleMapsPractice.UWP", "XFGoogleMapsPractice\XFGoogleMapsPractice.UWP\XFGoogleMapsPractice.UWP.csproj", "{A0C4870C-5BA9-44CF-82A3-08C44C16A543}"
EndProject
Project("{FAE04EC0-301F-11D3-BF4B-00C04F79EFBC}") = "XFGoogleMapsPractice.Android", "XFGoogleMapsPractice\XFGoogleMapsPractice.Android\XFGoogleMapsPractice.Android.csproj", "{9A9B609E-8EF5-471B-B6B5-F670F569CD45}"
EndProject
Project("{FAE04EC0-301F-11D3-BF4B-00C04F79EFBC}") = "XFGoogleMapsPractice.iOS", "XFGoogleMapsPractice\XFGoogleMapsPractice.iOS\XFGoogleMapsPractice.iOS.csproj", "{5EB38C31-A097-4119-8316-4ED70EB8F691}"
EndProject
Project("{FAE04EC0-301F-11D3-BF4B-00C04F79EFBC}") = "XFGoogleMapsPractice", "XFGoogleMapsPractice\XFGoogleMapsPractice\XFGoogleMapsPractice.csproj", "{3D6EC528-AF13-4042-997C-56D921B614AF}"
EndProject
Global
	GlobalSection(SolutionConfigurationPlatforms) = preSolution
		Debug|Any CPU = Debug|Any CPU
		Debug|ARM = Debug|ARM
		Debug|iPhone = Debug|iPhone
		Debug|iPhoneSimulator = Debug|iPhoneSimulator
		Debug|x64 = Debug|x64
		Debug|x86 = Debug|x86
		Release|Any CPU = Release|Any CPU
		Release|ARM = Release|ARM
		Release|iPhone = Release|iPhone
		Release|iPhoneSimulator = Release|iPhoneSimulator
		Release|x64 = Release|x64
		Release|x86 = Release|x86
	EndGlobalSection
	GlobalSection(ProjectConfigurationPlatforms) = postSolution
		{A0C4870C-5BA9-44CF-82A3-08C44C16A543}.Debug|Any CPU.ActiveCfg = Debug|x86
		{A0C4870C-5BA9-44CF-82A3-08C44C16A543}.Debug|Any CPU.Build.0 = Debug|x86
		{A0C4870C-5BA9-44CF-82A3-08C44C16A543}.Debug|Any CPU.Deploy.0 = Debug|x86
		{A0C4870C-5BA9-44CF-82A3-08C44C16A543}.Debug|ARM.ActiveCfg = Debug|ARM
		{A0C4870C-5BA9-44CF-82A3-08C44C16A543}.Debug|ARM.Build.0 = Debug|ARM
		{A0C4870C-5BA9-44CF-82A3-08C44C16A543}.Debug|ARM.Deploy.0 = Debug|ARM
		{A0C4870C-5BA9-44CF-82A3-08C44C16A543}.Debug|iPhone.ActiveCfg = Debug|x86
		{A0C4870C-5BA9-44CF-82A3-08C44C16A543}.Debug|iPhone.Build.0 = Debug|x86
		{A0C4870C-5BA9-44CF-82A3-08C44C16A543}.Debug|iPhone.Deploy.0 = Debug|x86
		{A0C4870C-5BA9-44CF-82A3-08C44C16A543}.Debug|iPhoneSimulator.ActiveCfg = Debug|x86
		{A0C4870C-5BA9-44CF-82A3-08C44C16A543}.Debug|iPhoneSimulator.Build.0 = Debug|x86
		{A0C4870C-5BA9-44CF-82A3-08C44C16A543}.Debug|iPhoneSimulator.Deploy.0 = Debug|x86
		{A0C4870C-5BA9-44CF-82A3-08C44C16A543}.Debug|x64.ActiveCfg = Debug|x64
		{A0C4870C-5BA9-44CF-82A3-08C44C16A543}.Debug|x64.Build.0 = Debug|x64
		{A0C4870C-5BA9-44CF-82A3-08C44C16A543}.Debug|x64.Deploy.0 = Debug|x64
		{A0C4870C-5BA9-44CF-82A3-08C44C16A543}.Debug|x86.ActiveCfg = Debug|x86
		{A0C4870C-5BA9-44CF-82A3-08C44C16A543}.Debug|x86.Build.0 = Debug|x86
		{A0C4870C-5BA9-44CF-82A3-08C44C16A543}.Debug|x86.Deploy.0 = Debug|x86
		{A0C4870C-5BA9-44CF-82A3-08C44C16A543}.Release|Any CPU.ActiveCfg = Release|x86
		{A0C4870C-5BA9-44CF-82A3-08C44C16A543}.Release|Any CPU.Build.0 = Release|x86
		{A0C4870C-5BA9-44CF-82A3-08C44C16A543}.Release|Any CPU.Deploy.0 = Release|x86
		{A0C4870C-5BA9-44CF-82A3-08C44C16A543}.Release|ARM.ActiveCfg = Release|ARM
		{A0C4870C-5BA9-44CF-82A3-08C44C16A543}.Release|ARM.Build.0 = Release|ARM
		{A0C4870C-5BA9-44CF-82A3-08C44C16A543}.Release|ARM.Deploy.0 = Release|ARM
		{A0C4870C-5BA9-44CF-82A3-08C44C16A543}.Release|iPhone.ActiveCfg = Release|x86
		{A0C4870C-5BA9-44CF-82A3-08C44C16A543}.Release|iPhone.Build.0 = Release|x86
		{A0C4870C-5BA9-44CF-82A3-08C44C16A543}.Release|iPhone.Deploy.0 = Release|x86
		{A0C4870C-5BA9-44CF-82A3-08C44C16A543}.Release|iPhoneSimulator.ActiveCfg = Release|x86
		{A0C4870C-5BA9-44CF-82A3-08C44C16A543}.Release|iPhoneSimulator.Build.0 = Release|x86
		{A0C4870C-5BA9-44CF-82A3-08C44C16A543}.Release|iPhoneSimulator.Deploy.0 = Release|x86
		{A0C4870C-5BA9-44CF-82A3-08C44C16A543}.Release|x64.ActiveCfg = Release|x64
		{A0C4870C-5BA9-44CF-82A3-08C44C16A543}.Release|x64.Build.0 = Release|x64
		{A0C4870C-5BA9-44CF-82A3-08C44C16A543}.Release|x64.Deploy.0 = Release|x64
		{A0C4870C-5BA9-44CF-82A3-08C44C16A543}.Release|x86.ActiveCfg = Release|x86
		{A0C4870C-5BA9-44CF-82A3-08C44C16A543}.Release|x86.Build.0 = Release|x86
		{A0C4870C-5BA9-44CF-82A3-08C44C16A543}.Release|x86.Deploy.0 = Release|x86
		{9A9B609E-8EF5-471B-B6B5-F670F569CD45}.Debug|Any CPU.ActiveCfg = Debug|Any CPU
		{9A9B609E-8EF5-471B-B6B5-F670F569CD45}.Debug|Any CPU.Build.0 = Debug|Any CPU
		{9A9B609E-8EF5-471B-B6B5-F670F569CD45}.Debug|Any CPU.Deploy.0 = Debug|Any CPU
		{9A9B609E-8EF5-471B-B6B5-F670F569CD45}.Debug|ARM.ActiveCfg = Debug|Any CPU
		{9A9B609E-8EF5-471B-B6B5-F670F569CD45}.Debug|ARM.Build.0 = Debug|Any CPU
		{9A9B609E-8EF5-471B-B6B5-F670F569CD45}.Debug|ARM.Deploy.0 = Debug|Any CPU
		{9A9B609E-8EF5-471B-B6B5-F670F569CD45}.Debug|iPhone.ActiveCfg = Debug|Any CPU
		{9A9B609E-8EF5-471B-B6B5-F670F569CD45}.Debug|iPhone.Build.0 = Debug|Any CPU
		{9A9B609E-8EF5-471B-B6B5-F670F569CD45}.Debug|iPhone.Deploy.0 = Debug|Any CPU
		{9A9B609E-8EF5-471B-B6B5-F670F569CD45}.Debug|iPhoneSimulator.ActiveCfg = Debug|Any CPU
		{9A9B609E-8EF5-471B-B6B5-F670F569CD45}.Debug|iPhoneSimulator.Build.0 = Debug|Any CPU
		{9A9B609E-8EF5-471B-B6B5-F670F569CD45}.Debug|iPhoneSimulator.Deploy.0 = Debug|Any CPU
		{9A9B609E-8EF5-471B-B6B5-F670F569CD45}.Debug|x64.ActiveCfg = Debug|Any CPU
		{9A9B609E-8EF5-471B-B6B5-F670F569CD45}.Debug|x64.Build.0 = Debug|Any CPU
		{9A9B609E-8EF5-471B-B6B5-F670F569CD45}.Debug|x64.Deploy.0 = Debug|Any CPU
		{9A9B609E-8EF5-471B-B6B5-F670F569CD45}.Debug|x86.ActiveCfg = Debug|Any CPU
		{9A9B609E-8EF5-471B-B6B5-F670F569CD45}.Debug|x86.Build.0 = Debug|Any CPU
		{9A9B609E-8EF5-471B-B6B5-F670F569CD45}.Debug|x86.Deploy.0 = Debug|Any CPU
		{9A9B609E-8EF5-471B-B6B5-F670F569CD45}.Release|Any CPU.ActiveCfg = Release|Any CPU
		{9A9B609E-8EF5-471B-B6B5-F670F569CD45}.Release|Any CPU.Build.0 = Release|Any CPU
		{9A9B609E-8EF5-471B-B6B5-F670F569CD45}.Release|Any CPU.Deploy.0 = Release|Any CPU
		{9A9B609E-8EF5-471B-B6B5-F670F569CD45}.Release|ARM.ActiveCfg = Release|Any CPU
		{9A9B609E-8EF5-471B-B6B5-F670F569CD45}.Release|ARM.Build.0 = Release|Any CPU
		{9A9B609E-8EF5-471B-B6B5-F670F569CD45}.Release|ARM.Deploy.0 = Release|Any CPU
		{9A9B609E-8EF5-471B-B6B5-F670F569CD45}.Release|iPhone.ActiveCfg = Release|Any CPU
		{9A9B609E-8EF5-471B-B6B5-F670F569CD45}.Release|iPhone.Build.0 = Release|Any CPU
		{9A9B609E-8EF5-471B-B6B5-F670F569CD45}.Release|iPhone.Deploy.0 = Release|Any CPU
		{9A9B609E-8EF5-471B-B6B5-F670F569CD45}.Release|iPhoneSimulator.ActiveCfg = Release|Any CPU
		{9A9B609E-8EF5-471B-B6B5-F670F569CD45}.Release|iPhoneSimulator.Build.0 = Release|Any CPU
		{9A9B609E-8EF5-471B-B6B5-F670F569CD45}.Release|iPhoneSimulator.Deploy.0 = Release|Any CPU
		{9A9B609E-8EF5-471B-B6B5-F670F569CD45}.Release|x64.ActiveCfg = Release|Any CPU
		{9A9B609E-8EF5-471B-B6B5-F670F569CD45}.Release|x64.Build.0 = Release|Any CPU
		{9A9B609E-8EF5-471B-B6B5-F670F569CD45}.Release|x64.Deploy.0 = Release|Any CPU
		{9A9B609E-8EF5-471B-B6B5-F670F569CD45}.Release|x86.ActiveCfg = Release|Any CPU
		{9A9B609E-8EF5-471B-B6B5-F670F569CD45}.Release|x86.Build.0 = Release|Any CPU
		{9A9B609E-8EF5-471B-B6B5-F670F569CD45}.Release|x86.Deploy.0 = Release|Any CPU
		{5EB38C31-A097-4119-8316-4ED70EB8F691}.Debug|Any CPU.ActiveCfg = Debug|iPhone
		{5EB38C31-A097-4119-8316-4ED70EB8F691}.Debug|Any CPU.Build.0 = Debug|iPhone
		{5EB38C31-A097-4119-8316-4ED70EB8F691}.Debug|Any CPU.Deploy.0 = Debug|iPhone
		{5EB38C31-A097-4119-8316-4ED70EB8F691}.Debug|ARM.ActiveCfg = Debug|iPhoneSimulator
		{5EB38C31-A097-4119-8316-4ED70EB8F691}.Debug|ARM.Build.0 = Debug|iPhoneSimulator
		{5EB38C31-A097-4119-8316-4ED70EB8F691}.Debug|ARM.Deploy.0 = Debug|iPhoneSimulator
		{5EB38C31-A097-4119-8316-4ED70EB8F691}.Debug|iPhone.ActiveCfg = Debug|iPhone
		{5EB38C31-A097-4119-8316-4ED70EB8F691}.Debug|iPhone.Build.0 = Debug|iPhone
		{5EB38C31-A097-4119-8316-4ED70EB8F691}.Debug|iPhone.Deploy.0 = Debug|iPhone
		{5EB38C31-A097-4119-8316-4ED70EB8F691}.Debug|iPhoneSimulator.ActiveCfg = Debug|iPhoneSimulator
		{5EB38C31-A097-4119-8316-4ED70EB8F691}.Debug|iPhoneSimulator.Build.0 = Debug|iPhoneSimulator
		{5EB38C31-A097-4119-8316-4ED70EB8F691}.Debug|iPhoneSimulator.Deploy.0 = Debug|iPhoneSimulator
		{5EB38C31-A097-4119-8316-4ED70EB8F691}.Debug|x64.ActiveCfg = Debug|iPhone
		{5EB38C31-A097-4119-8316-4ED70EB8F691}.Debug|x64.Build.0 = Debug|iPhone
		{5EB38C31-A097-4119-8316-4ED70EB8F691}.Debug|x64.Deploy.0 = Debug|iPhone
		{5EB38C31-A097-4119-8316-4ED70EB8F691}.Debug|x86.ActiveCfg = Debug|iPhone
		{5EB38C31-A097-4119-8316-4ED70EB8F691}.Debug|x86.Build.0 = Debug|iPhone
		{5EB38C31-A097-4119-8316-4ED70EB8F691}.Debug|x86.Deploy.0 = Debug|iPhone
		{5EB38C31-A097-4119-8316-4ED70EB8F691}.Release|Any CPU.ActiveCfg = Release|iPhone
		{5EB38C31-A097-4119-8316-4ED70EB8F691}.Release|Any CPU.Build.0 = Release|iPhone
		{5EB38C31-A097-4119-8316-4ED70EB8F691}.Release|Any CPU.Deploy.0 = Release|iPhone
		{5EB38C31-A097-4119-8316-4ED70EB8F691}.Release|ARM.ActiveCfg = Release|iPhone
		{5EB38C31-A097-4119-8316-4ED70EB8F691}.Release|ARM.Build.0 = Release|iPhone
		{5EB38C31-A097-4119-8316-4ED70EB8F691}.Release|ARM.Deploy.0 = Release|iPhone
		{5EB38C31-A097-4119-8316-4ED70EB8F691}.Release|iPhone.ActiveCfg = Release|iPhone
		{5EB38C31-A097-4119-8316-4ED70EB8F691}.Release|iPhone.Build.0 = Release|iPhone
		{5EB38C31-A097-4119-8316-4ED70EB8F691}.Release|iPhone.Deploy.0 = Release|iPhone
		{5EB38C31-A097-4119-8316-4ED70EB8F691}.Release|iPhoneSimulator.ActiveCfg = Release|iPhoneSimulator
		{5EB38C31-A097-4119-8316-4ED70EB8F691}.Release|iPhoneSimulator.Build.0 = Release|iPhoneSimulator
		{5EB38C31-A097-4119-8316-4ED70EB8F691}.Release|iPhoneSimulator.Deploy.0 = Release|iPhoneSimulator
		{5EB38C31-A097-4119-8316-4ED70EB8F691}.Release|x64.ActiveCfg = Release|iPhone
		{5EB38C31-A097-4119-8316-4ED70EB8F691}.Release|x64.Build.0 = Release|iPhone
		{5EB38C31-A097-4119-8316-4ED70EB8F691}.Release|x64.Deploy.0 = Release|iPhone
		{5EB38C31-A097-4119-8316-4ED70EB8F691}.Release|x86.ActiveCfg = Release|iPhone
		{5EB38C31-A097-4119-8316-4ED70EB8F691}.Release|x86.Build.0 = Release|iPhone
		{5EB38C31-A097-4119-8316-4ED70EB8F691}.Release|x86.Deploy.0 = Release|iPhone
		{3D6EC528-AF13-4042-997C-56D921B614AF}.Debug|Any CPU.ActiveCfg = Debug|Any CPU
		{3D6EC528-AF13-4042-997C-56D921B614AF}.Debug|Any CPU.Build.0 = Debug|Any CPU
		{3D6EC528-AF13-4042-997C-56D921B614AF}.Debug|Any CPU.Deploy.0 = Debug|Any CPU
		{3D6EC528-AF13-4042-997C-56D921B614AF}.Debug|ARM.ActiveCfg = Debug|Any CPU
		{3D6EC528-AF13-4042-997C-56D921B614AF}.Debug|ARM.Build.0 = Debug|Any CPU
		{3D6EC528-AF13-4042-997C-56D921B614AF}.Debug|ARM.Deploy.0 = Debug|Any CPU
		{3D6EC528-AF13-4042-997C-56D921B614AF}.Debug|iPhone.ActiveCfg = Debug|Any CPU
		{3D6EC528-AF13-4042-997C-56D921B614AF}.Debug|iPhone.Build.0 = Debug|Any CPU
		{3D6EC528-AF13-4042-997C-56D921B614AF}.Debug|iPhone.Deploy.0 = Debug|Any CPU
		{3D6EC528-AF13-4042-997C-56D921B614AF}.Debug|iPhoneSimulator.ActiveCfg = Debug|Any CPU
		{3D6EC528-AF13-4042-997C-56D921B614AF}.Debug|iPhoneSimulator.Build.0 = Debug|Any CPU
		{3D6EC528-AF13-4042-997C-56D921B614AF}.Debug|iPhoneSimulator.Deploy.0 = Debug|Any CPU
		{3D6EC528-AF13-4042-997C-56D921B614AF}.Debug|x64.ActiveCfg = Debug|Any CPU
		{3D6EC528-AF13-4042-997C-56D921B614AF}.Debug|x64.Build.0 = Debug|Any CPU
		{3D6EC528-AF13-4042-997C-56D921B614AF}.Debug|x64.Deploy.0 = Debug|Any CPU
		{3D6EC528-AF13-4042-997C-56D921B614AF}.Debug|x86.ActiveCfg = Debug|Any CPU
		{3D6EC528-AF13-4042-997C-56D921B614AF}.Debug|x86.Build.0 = Debug|Any CPU
		{3D6EC528-AF13-4042-997C-56D921B614AF}.Debug|x86.Deploy.0 = Debug|Any CPU
		{3D6EC528-AF13-4042-997C-56D921B614AF}.Release|Any CPU.ActiveCfg = Release|Any CPU
		{3D6EC528-AF13-4042-997C-56D921B614AF}.Release|Any CPU.Build.0 = Release|Any CPU
		{3D6EC528-AF13-4042-997C-56D921B614AF}.Release|Any CPU.Deploy.0 = Release|Any CPU
		{3D6EC528-AF13-4042-997C-56D921B614AF}.Release|ARM.ActiveCfg = Release|Any CPU
		{3D6EC528-AF13-4042-997C-56D921B614AF}.Release|ARM.Build.0 = Release|Any CPU
		{3D6EC528-AF13-4042-997C-56D921B614AF}.Release|ARM.Deploy.0 = Release|Any CPU
		{3D6EC528-AF13-4042-997C-56D921B614AF}.Release|iPhone.ActiveCfg = Release|Any CPU
		{3D6EC528-AF13-4042-997C-56D921B614AF}.Release|iPhone.Build.0 = Release|Any CPU
		{3D6EC528-AF13-4042-997C-56D921B614AF}.Release|iPhone.Deploy.0 = Release|Any CPU
		{3D6EC528-AF13-4042-997C-56D921B614AF}.Release|iPhoneSimulator.ActiveCfg = Release|Any CPU
		{3D6EC528-AF13-4042-997C-56D921B614AF}.Release|iPhoneSimulator.Build.0 = Release|Any CPU
		{3D6EC528-AF13-4042-997C-56D921B614AF}.Release|iPhoneSimulator.Deploy.0 = Release|Any CPU
		{3D6EC528-AF13-4042-997C-56D921B614AF}.Release|x64.ActiveCfg = Release|Any CPU
		{3D6EC528-AF13-4042-997C-56D921B614AF}.Release|x64.Build.0 = Release|Any CPU
		{3D6EC528-AF13-4042-997C-56D921B614AF}.Release|x64.Deploy.0 = Release|Any CPU
		{3D6EC528-AF13-4042-997C-56D921B614AF}.Release|x86.ActiveCfg = Release|Any CPU
		{3D6EC528-AF13-4042-997C-56D921B614AF}.Release|x86.Build.0 = Release|Any CPU
		{3D6EC528-AF13-4042-997C-56D921B614AF}.Release|x86.Deploy.0 = Release|Any CPU
	EndGlobalSection
	GlobalSection(SolutionProperties) = preSolution
		HideSolutionNode = FALSE
	EndGlobalSection
	GlobalSection(ExtensibilityGlobals) = postSolution
		SolutionGuid = {C96AB7B2-70EB-491C-911E-C4F1B9F30C29}
	EndGlobalSection
EndGlobal
